
Microsoft Visual Studio Solution File, Format Version 12.00
# Visual Studio Version 16
VisualStudioVersion = 16.0.29215.179
MinimumVisualStudioVersion = 10.0.40219.1
Project("{F184B08F-C81C-45F6-A57F-5ABD9991F28F}") = "LabWk4", "LabWk3_1\LabWk4.vbproj", "{12555C87-96DF-479F-A464-946E48511FAE}"
EndProject
Global
	GlobalSection(SolutionConfigurationPlatforms) = preSolution
		Debug|Any CPU = Debug|Any CPU
		Release|Any CPU = Release|Any CPU
	EndGlobalSection
	GlobalSection(ProjectConfigurationPlatforms) = postSolution
		{12555C87-96DF-479F-A464-946E48511FAE}.Debug|Any CPU.ActiveCfg = Debug|Any CPU
		{12555C87-96DF-479F-A464-946E48511FAE}.Debug|Any CPU.Build.0 = Debug|Any CPU
		{12555C87-96DF-479F-A464-946E48511FAE}.Release|Any CPU.ActiveCfg = Release|Any CPU
		{12555C87-96DF-479F-A464-946E48511FAE}.Release|Any CPU.Build.0 = Release|Any CPU
	EndGlobalSection
	GlobalSection(SolutionProperties) = preSolution
		HideSolutionNode = FALSE
	EndGlobalSection
	GlobalSection(ExtensibilityGlobals) = postSolution
		SolutionGuid = {CFC89390-8A63-413D-AFC8-7E9F7C2158B7}
	EndGlobalSection
EndGlobal
